
Microsoft Visual Studio Solution File, Format Version 12.00
# Visual Studio 15
VisualStudioVersion = 15.0.28307.705
MinimumVisualStudioVersion = 10.0.40219.1
Project("{FAE04EC0-301F-11D3-BF4B-00C04F79EFBC}") = "WikiIntegrator", "WikiIntegrator\WikiIntegrator.csproj", "{A583AC99-03D1-4731-A9AB-0D05DA61B39A}"
EndProject
Global
	GlobalSection(SolutionConfigurationPlatforms) = preSolution
		Debug|Any CPU = Debug|Any CPU
		Release|Any CPU = Release|Any CPU
	EndGlobalSection
	GlobalSection(ProjectConfigurationPlatforms) = postSolution
		{A583AC99-03D1-4731-A9AB-0D05DA61B39A}.Debug|Any CPU.ActiveCfg = Debug|Any CPU
		{A583AC99-03D1-4731-A9AB-0D05DA61B39A}.Debug|Any CPU.Build.0 = Debug|Any CPU
		{A583AC99-03D1-4731-A9AB-0D05DA61B39A}.Release|Any CPU.ActiveCfg = Release|Any CPU
		{A583AC99-03D1-4731-A9AB-0D05DA61B39A}.Release|Any CPU.Build.0 = Release|Any CPU
	EndGlobalSection
	GlobalSection(SolutionProperties) = preSolution
		HideSolutionNode = FALSE
	EndGlobalSection
	GlobalSection(ExtensibilityGlobals) = postSolution
		SolutionGuid = {A24D7C90-AEF8-4462-B594-1BF407DC0952}
	EndGlobalSection
EndGlobal
